
Microsoft Visual Studio Solution File, Format Version 12.00
# Visual Studio 15
VisualStudioVersion = 15.0.28307.438
MinimumVisualStudioVersion = 10.0.40219.1
Project("{8BC9CEB8-8B4A-11D0-8D11-00A0C91BC942}") = "TextureGeneration", "TextureGeneration\TextureGeneration.vcxproj", "{E042F6A3-E508-44DB-A8C5-A913C7E9287C}"
EndProject
Global
	GlobalSection(SolutionConfigurationPlatforms) = preSolution
		Debug|x64 = Debug|x64
		Debug|x86 = Debug|x86
		Release|x64 = Release|x64
		Release|x86 = Release|x86
	EndGlobalSection
	GlobalSection(ProjectConfigurationPlatforms) = postSolution
		{E042F6A3-E508-44DB-A8C5-A913C7E9287C}.Debug|x64.ActiveCfg = Debug|x64
		{E042F6A3-E508-44DB-A8C5-A913C7E9287C}.Debug|x64.Build.0 = Debug|x64
		{E042F6A3-E508-44DB-A8C5-A913C7E9287C}.Debug|x86.ActiveCfg = Debug|Win32
		{E042F6A3-E508-44DB-A8C5-A913C7E9287C}.Debug|x86.Build.0 = Debug|Win32
		{E042F6A3-E508-44DB-A8C5-A913C7E9287C}.Release|x64.ActiveCfg = Release|x64
		{E042F6A3-E508-44DB-A8C5-A913C7E9287C}.Release|x64.Build.0 = Release|x64
		{E042F6A3-E508-44DB-A8C5-A913C7E9287C}.Release|x86.ActiveCfg = Release|Win32
		{E042F6A3-E508-44DB-A8C5-A913C7E9287C}.Release|x86.Build.0 = Release|Win32
	EndGlobalSection
	GlobalSection(SolutionProperties) = preSolution
		HideSolutionNode = FALSE
	EndGlobalSection
	GlobalSection(ExtensibilityGlobals) = postSolution
		SolutionGuid = {8890CE71-C574-4D83-8D43-9695D616F5FF}
	EndGlobalSection
EndGlobal
